// !$*UTF8*$!
{
	archiveVersion = 1;
	classes = {
	};
	objectVersion = 46;
	objects = {

/* Begin PBXBuildFile section */
		E251CEA91E9BB21C00B773F6 /* README.md in Sources */ = {isa = PBXBuildFile; fileRef = E251CEA81E9BB21C00B773F6 /* README.md */; };
		__src_cc_ref_SKQueue.swift /* SKQueue.swift in Sources */ = {isa = PBXBuildFile; fileRef = __PBXFileRef_SKQueue.swift /* SKQueue.swift */; };
/* End PBXBuildFile section */

/* Begin PBXFileReference section */
		E251CEA71E9BB21C00B773F6 /* LICENSE */ = {isa = PBXFileReference; fileEncoding = 4; lastKnownFileType = text; path = LICENSE; sourceTree = "<group>"; };
		E251CEA81E9BB21C00B773F6 /* README.md */ = {isa = PBXFileReference; explicitFileType = net.daringfireball.markdown; fileEncoding = 4; path = README.md; sourceTree = "<group>"; };
		__PBXFileRef_Package.swift /* Package.swift */ = {isa = PBXFileReference; lastKnownFileType = sourcecode.swift; path = Package.swift; sourceTree = "<group>"; };
		__PBXFileRef_SKQueue.swift /* SKQueue.swift */ = {isa = PBXFileReference; lastKnownFileType = sourcecode.swift; path = SKQueue.swift; sourceTree = "<group>"; };
		__PBXFileRef_SKQueue.xcodeproj/Configs/Project.xcconfig /* SKQueue.xcconfig */ = {isa = PBXFileReference; lastKnownFileType = text.xcconfig; name = SKQueue.xcconfig; path = SKQueue.xcodeproj/Configs/SKQueue.xcconfig; sourceTree = "<group>"; };
		__PBXFileRef_SKQueue_Info.plist /* SKQueue_Info.plist */ = {isa = PBXFileReference; lastKnownFileType = text.plist.xml; name = SKQueue_Info.plist; path = SKQueue.xcodeproj/SKQueue_Info.plist; sourceTree = SOURCE_ROOT; };
		"_____Product_SKQueue" /* SKQueue.framework */ = {isa = PBXFileReference; explicitFileType = wrapper.framework; path = SKQueue.framework; sourceTree = BUILT_PRODUCTS_DIR; };
/* End PBXFileReference section */

/* Begin PBXFrameworksBuildPhase section */
		"___LinkPhase_SKQueue" /* Frameworks */ = {
			isa = PBXFrameworksBuildPhase;
			buildActionMask = 0;
			files = (
			);
			runOnlyForDeploymentPostprocessing = 0;
		};
/* End PBXFrameworksBuildPhase section */

/* Begin PBXGroup section */
		E251CEA61E9BB1A000B773F6 /* Documentation */ = {
			isa = PBXGroup;
			children = (
				E251CEA71E9BB21C00B773F6 /* LICENSE */,
				E251CEA81E9BB21C00B773F6 /* README.md */,
			);
			name = Documentation;
			sourceTree = "<group>";
		};
		"___RootGroup_" = {
			isa = PBXGroup;
			children = (
				E251CEA61E9BB1A000B773F6 /* Documentation */,
				__PBXFileRef_Package.swift /* Package.swift */,
				"_____Configs_" /* Configs */,
				"_____Sources_" /* Sources */,
				"____Products_" /* Products */,
			);
			sourceTree = "<group>";
		};
		"____Products_" /* Products */ = {
			isa = PBXGroup;
			children = (
				"_____Product_SKQueue" /* SKQueue.framework */,
			);
			name = Products;
			sourceTree = "<group>";
		};
		"_____Configs_" /* Configs */ = {
			isa = PBXGroup;
			children = (
				__PBXFileRef_SKQueue.xcodeproj/Configs/Project.xcconfig /* SKQueue.xcconfig */,
			);
			name = Configs;
			sourceTree = "<group>";
		};
		"_____Sources_" /* Sources */ = {
			isa = PBXGroup;
			children = (
				"_______Group_SKQueue" /* SKQueue */,
			);
			name = Sources;
			sourceTree = "<group>";
		};
		"_______Group_SKQueue" /* SKQueue */ = {
			isa = PBXGroup;
			children = (
				__PBXFileRef_SKQueue.swift /* SKQueue.swift */,
				__PBXFileRef_SKQueue_Info.plist /* SKQueue_Info.plist */,
			);
			name = SKQueue;
			path = .;
			sourceTree = "<group>";
		};
/* End PBXGroup section */

/* Begin PBXNativeTarget section */
		"______Target_SKQueue" /* SKQueue */ = {
			isa = PBXNativeTarget;
			buildConfigurationList = "_______Confs_SKQueue" /* Build configuration list for PBXNativeTarget "SKQueue" */;
			buildPhases = (
				CompilePhase_SKQueue /* Sources */,
				"___LinkPhase_SKQueue" /* Frameworks */,
			);
			buildRules = (
			);
			dependencies = (
			);
			name = SKQueue;
			productName = SKQueue;
			productReference = "_____Product_SKQueue" /* SKQueue.framework */;
			productType = "com.apple.product-type.framework";
		};
/* End PBXNativeTarget section */

/* Begin PBXProject section */
		__RootObject_ /* Project object */ = {
			isa = PBXProject;
			attributes = {
				LastUpgradeCheck = 9999;
				TargetAttributes = {
					"______Target_SKQueue" = {
						DevelopmentTeam = NFTSGVH569;
						ProvisioningStyle = Automatic;
					};
				};
			};
			buildConfigurationList = "___RootConfs_" /* Build configuration list for PBXProject "SKQueue" */;
			compatibilityVersion = "Xcode 3.2";
			developmentRegion = English;
			hasScannedForEncodings = 0;
			knownRegions = (
				en,
			);
			mainGroup = "___RootGroup_";
			productRefGroup = "____Products_" /* Products */;
			projectDirPath = "";
			projectRoot = "";
			targets = (
				"______Target_SKQueue" /* SKQueue */,
			);
		};
/* End PBXProject section */

/* Begin PBXSourcesBuildPhase section */
		CompilePhase_SKQueue /* Sources */ = {
			isa = PBXSourcesBuildPhase;
			buildActionMask = 0;
			files = (
				E251CEA91E9BB21C00B773F6 /* README.md in Sources */,
				__src_cc_ref_SKQueue.swift /* SKQueue.swift in Sources */,
			);
			runOnlyForDeploymentPostprocessing = 0;
		};
/* End PBXSourcesBuildPhase section */

/* Begin XCBuildConfiguration section */
		_ReleaseConf_SKQueue /* Release */ = {
			isa = XCBuildConfiguration;
			buildSettings = {
				CODE_SIGN_IDENTITY = "Mac Developer";
				DEVELOPMENT_TEAM = NFTSGVH569;
				ENABLE_TESTABILITY = YES;
				FRAMEWORK_SEARCH_PATHS = "$(PLATFORM_DIR)/Developer/Library/Frameworks";
				INFOPLIST_FILE = SKQueue.xcodeproj/SKQueue_Info.plist;
				LD_RUNPATH_SEARCH_PATHS = "$(TOOLCHAIN_DIR)/usr/lib/swift/macosx";
				OTHER_LDFLAGS = "$(inherited)";
				OTHER_SWIFT_FLAGS = "$(inherited)";
				PRODUCT_BUNDLE_IDENTIFIER = SKQueue;
				PRODUCT_MODULE_NAME = "$(TARGET_NAME:c99extidentifier)";
				PRODUCT_NAME = "$(TARGET_NAME:c99extidentifier)";
				PROVISIONING_PROFILE_SPECIFIER = "";
				SWIFT_OPTIMIZATION_LEVEL = "-Owholemodule";
				SWIFT_VERSION = 3.0;
			};
			name = Release;
		};
		"___DebugConf_SKQueue" /* Debug */ = {
			isa = XCBuildConfiguration;
			buildSettings = {
				CODE_SIGN_IDENTITY = "Mac Developer";
				DEVELOPMENT_TEAM = NFTSGVH569;
				ENABLE_TESTABILITY = YES;
				FRAMEWORK_SEARCH_PATHS = "$(PLATFORM_DIR)/Developer/Library/Frameworks";
				INFOPLIST_FILE = SKQueue.xcodeproj/SKQueue_Info.plist;
				LD_RUNPATH_SEARCH_PATHS = "$(TOOLCHAIN_DIR)/usr/lib/swift/macosx";
				OTHER_LDFLAGS = "$(inherited)";
				OTHER_SWIFT_FLAGS = "$(inherited)";
				PRODUCT_BUNDLE_IDENTIFIER = SKQueue;
				PRODUCT_MODULE_NAME = "$(TARGET_NAME:c99extidentifier)";
				PRODUCT_NAME = "$(TARGET_NAME:c99extidentifier)";
				PROVISIONING_PROFILE_SPECIFIER = "";
				SWIFT_OPTIMIZATION_LEVEL = "-Onone";
				SWIFT_VERSION = 3.0;
			};
			name = Debug;
		};
		"_____Release_" /* Release */ = {
			isa = XCBuildConfiguration;
			baseConfigurationReference = __PBXFileRef_SKQueue.xcodeproj/Configs/Project.xcconfig /* SKQueue.xcconfig */;
			buildSettings = {
			};
			name = Release;
		};
		"_______Debug_" /* Debug */ = {
			isa = XCBuildConfiguration;
			baseConfigurationReference = __PBXFileRef_SKQueue.xcodeproj/Configs/Project.xcconfig /* SKQueue.xcconfig */;
			buildSettings = {
			};
			name = Debug;
		};
/* End XCBuildConfiguration section */

/* Begin XCConfigurationList section */
		"___RootConfs_" /* Build configuration list for PBXProject "SKQueue" */ = {
			isa = XCConfigurationList;
			buildConfigurations = (
				"_______Debug_" /* Debug */,
				"_____Release_" /* Release */,
			);
			defaultConfigurationIsVisible = 0;
			defaultConfigurationName = Debug;
		};
		"_______Confs_SKQueue" /* Build configuration list for PBXNativeTarget "SKQueue" */ = {
			isa = XCConfigurationList;
			buildConfigurations = (
				"___DebugConf_SKQueue" /* Debug */,
				_ReleaseConf_SKQueue /* Release */,
			);
			defaultConfigurationIsVisible = 0;
			defaultConfigurationName = Debug;
		};
/* End XCConfigurationList section */
	};
	rootObject = __RootObject_ /* Project object */;
}
